
Microsoft Visual Studio Solution File, Format Version 12.00
# Visual Studio Version 17
VisualStudioVersion = 17.2.32616.157
MinimumVisualStudioVersion = 10.0.40219.1
Project("{FAE04EC0-301F-11D3-BF4B-00C04F79EFBC}") = "TorneoCodigo2", "TorneoCodigo2\TorneoCodigo2.csproj", "{3214607A-C0CF-42E6-8407-704EC2E0A481}"
EndProject
Global
	GlobalSection(SolutionConfigurationPlatforms) = preSolution
		Debug|Any CPU = Debug|Any CPU
		Release|Any CPU = Release|Any CPU
	EndGlobalSection
	GlobalSection(ProjectConfigurationPlatforms) = postSolution
		{3214607A-C0CF-42E6-8407-704EC2E0A481}.Debug|Any CPU.ActiveCfg = Debug|Any CPU
		{3214607A-C0CF-42E6-8407-704EC2E0A481}.Debug|Any CPU.Build.0 = Debug|Any CPU
		{3214607A-C0CF-42E6-8407-704EC2E0A481}.Release|Any CPU.ActiveCfg = Release|Any CPU
		{3214607A-C0CF-42E6-8407-704EC2E0A481}.Release|Any CPU.Build.0 = Release|Any CPU
	EndGlobalSection
	GlobalSection(SolutionProperties) = preSolution
		HideSolutionNode = FALSE
	EndGlobalSection
	GlobalSection(ExtensibilityGlobals) = postSolution
		SolutionGuid = {6603DD0B-0654-477D-A6CB-4CAA9C9BFE97}
	EndGlobalSection
EndGlobal
