
Microsoft Visual Studio Solution File, Format Version 12.00
# Visual Studio Version 17
VisualStudioVersion = 17.2.32616.157
MinimumVisualStudioVersion = 10.0.40219.1
Project("{FAE04EC0-301F-11D3-BF4B-00C04F79EFBC}") = "TorneoCodigo", "TorneoCodigo\TorneoCodigo.csproj", "{156DDB21-6813-4788-A0B8-10D3DFAB6479}"
EndProject
Global
	GlobalSection(SolutionConfigurationPlatforms) = preSolution
		Debug|Any CPU = Debug|Any CPU
		Release|Any CPU = Release|Any CPU
	EndGlobalSection
	GlobalSection(ProjectConfigurationPlatforms) = postSolution
		{156DDB21-6813-4788-A0B8-10D3DFAB6479}.Debug|Any CPU.ActiveCfg = Debug|Any CPU
		{156DDB21-6813-4788-A0B8-10D3DFAB6479}.Debug|Any CPU.Build.0 = Debug|Any CPU
		{156DDB21-6813-4788-A0B8-10D3DFAB6479}.Release|Any CPU.ActiveCfg = Release|Any CPU
		{156DDB21-6813-4788-A0B8-10D3DFAB6479}.Release|Any CPU.Build.0 = Release|Any CPU
	EndGlobalSection
	GlobalSection(SolutionProperties) = preSolution
		HideSolutionNode = FALSE
	EndGlobalSection
	GlobalSection(ExtensibilityGlobals) = postSolution
		SolutionGuid = {41C47723-4662-4EFF-9862-473D722A7ABD}
	EndGlobalSection
EndGlobal
